
Microsoft Visual Studio Solution File, Format Version 12.00
# Visual Studio Version 17
VisualStudioVersion = 17.13.35825.156
MinimumVisualStudioVersion = 10.0.40219.1
Project("{FAE04EC0-301F-11D3-BF4B-00C04F79EFBC}") = "MineSweeper", "MineSweeper.csproj", "{253AAEFD-D9CD-4D07-A8D7-7656CD68955A}"
EndProject
Project("{FAE04EC0-301F-11D3-BF4B-00C04F79EFBC}") = "MineSweeper.Tests", "MineSweeper.Tests\MineSweeper.Tests.csproj", "{BB4AB0F1-24A6-AB8D-7191-E32597BE5FD4}"
EndProject
Global
	GlobalSection(SolutionConfigurationPlatforms) = preSolution
		Debug|Any CPU = Debug|Any CPU
		Release|Any CPU = Release|Any CPU
	EndGlobalSection
	GlobalSection(ProjectConfigurationPlatforms) = postSolution
		{253AAEFD-D9CD-4D07-A8D7-7656CD68955A}.Debug|Any CPU.ActiveCfg = Debug|Any CPU
		{253AAEFD-D9CD-4D07-A8D7-7656CD68955A}.Debug|Any CPU.Build.0 = Debug|Any CPU
		{253AAEFD-D9CD-4D07-A8D7-7656CD68955A}.Release|Any CPU.ActiveCfg = Release|Any CPU
		{253AAEFD-D9CD-4D07-A8D7-7656CD68955A}.Release|Any CPU.Build.0 = Release|Any CPU
		{BB4AB0F1-24A6-AB8D-7191-E32597BE5FD4}.Debug|Any CPU.ActiveCfg = Debug|Any CPU
		{BB4AB0F1-24A6-AB8D-7191-E32597BE5FD4}.Debug|Any CPU.Build.0 = Debug|Any CPU
		{BB4AB0F1-24A6-AB8D-7191-E32597BE5FD4}.Release|Any CPU.ActiveCfg = Release|Any CPU
		{BB4AB0F1-24A6-AB8D-7191-E32597BE5FD4}.Release|Any CPU.Build.0 = Release|Any CPU
	EndGlobalSection
	GlobalSection(SolutionProperties) = preSolution
		HideSolutionNode = FALSE
	EndGlobalSection
	GlobalSection(ExtensibilityGlobals) = postSolution
		SolutionGuid = {BFE69EFB-6445-4939-B6C9-72F151CF4029}
	EndGlobalSection
EndGlobal
